
Microsoft Visual Studio Solution File, Format Version 12.00
# Visual Studio 14
VisualStudioVersion = 14.0.25123.0
MinimumVisualStudioVersion = 10.0.40219.1
Project("{FAE04EC0-301F-11D3-BF4B-00C04F79EFBC}") = "D3Helper", "D3Helper\D3Helper.csproj", "{070A821F-4207-47C7-9D10-4CE8080597E0}"
EndProject
Project("{2150E333-8FDC-42A3-9474-1A3956D46DE8}") = "Enigma.Libraries", "Enigma.Libraries", "{9DF31B67-6849-4535-B440-B565EC671047}"
EndProject
Project("{FAE04EC0-301F-11D3-BF4B-00C04F79EFBC}") = "Enigma.D3.Core", "..\Enigma.D3\Enigma.D3.Core\Enigma.D3.Core.csproj", "{E01F9C34-F404-48DC-92E2-991DA7ADF9EB}"
EndProject
Project("{FAE04EC0-301F-11D3-BF4B-00C04F79EFBC}") = "Enigma.D3.Memory", "..\Enigma.D3\Enigma.D3.Memory\Enigma.D3.Memory.csproj", "{23848103-7DC0-4AB0-958F-B8793FFD1F2D}"
EndProject
Project("{FAE04EC0-301F-11D3-BF4B-00C04F79EFBC}") = "Enigma.Memory", "..\Enigma.D3\Enigma.Memory\Enigma.Memory.csproj", "{3A385F29-42E2-4CAF-B1F2-2A1A7B90A971}"
EndProject
Project("{D954291E-2A0B-460D-934E-DC6B0785DB48}") = "Enigma.D3.Core.Generated", "..\Enigma.D3\Enigma.D3.Core.Generated\Enigma.D3.Core.Generated.shproj", "{DA9978D2-8F71-4399-8A57-A789F082E501}"
EndProject
Project("{D954291E-2A0B-460D-934E-DC6B0785DB48}") = "Enigma.D3.Memory.Generated", "..\Enigma.D3\Enigma.D3.Memory.Generated\Enigma.D3.Memory.Generated.shproj", "{862A67EE-9CEB-42FE-9406-D7FEAFC55B00}"
EndProject
Global
	GlobalSection(SharedMSBuildProjectFiles) = preSolution
		..\Enigma.D3\Enigma.D3.Core.Generated\Enigma.D3.Core.Generated.projitems*{e01f9c34-f404-48dc-92e2-991da7adf9eb}*SharedItemsImports = 4
		..\Enigma.D3\Enigma.D3.Memory.Generated\Enigma.D3.Memory.Generated.projitems*{862a67ee-9ceb-42fe-9406-d7feafc55b00}*SharedItemsImports = 13
		..\Enigma.D3\Enigma.D3.Memory.Generated\Enigma.D3.Memory.Generated.projitems*{23848103-7dc0-4ab0-958f-b8793ffd1f2d}*SharedItemsImports = 4
		..\Enigma.D3\Enigma.D3.Core.Generated\Enigma.D3.Core.Generated.projitems*{da9978d2-8f71-4399-8a57-a789f082e501}*SharedItemsImports = 13
	EndGlobalSection
	GlobalSection(SolutionConfigurationPlatforms) = preSolution
		Debug|Any CPU = Debug|Any CPU
		Debug|x64 = Debug|x64
		Debug|x86 = Debug|x86
		Release|Any CPU = Release|Any CPU
		Release|x64 = Release|x64
		Release|x86 = Release|x86
	EndGlobalSection
	GlobalSection(ProjectConfigurationPlatforms) = postSolution
		{070A821F-4207-47C7-9D10-4CE8080597E0}.Debug|Any CPU.ActiveCfg = Debug|x86
		{070A821F-4207-47C7-9D10-4CE8080597E0}.Debug|Any CPU.Build.0 = Debug|x86
		{070A821F-4207-47C7-9D10-4CE8080597E0}.Debug|Any CPU.Deploy.0 = Debug|x86
		{070A821F-4207-47C7-9D10-4CE8080597E0}.Debug|x64.ActiveCfg = Debug|Any CPU
		{070A821F-4207-47C7-9D10-4CE8080597E0}.Debug|x64.Build.0 = Debug|Any CPU
		{070A821F-4207-47C7-9D10-4CE8080597E0}.Debug|x86.ActiveCfg = Debug|x86
		{070A821F-4207-47C7-9D10-4CE8080597E0}.Debug|x86.Build.0 = Debug|x86
		{070A821F-4207-47C7-9D10-4CE8080597E0}.Release|Any CPU.ActiveCfg = Release|Any CPU
		{070A821F-4207-47C7-9D10-4CE8080597E0}.Release|Any CPU.Build.0 = Release|Any CPU
		{070A821F-4207-47C7-9D10-4CE8080597E0}.Release|x64.ActiveCfg = Release|Any CPU
		{070A821F-4207-47C7-9D10-4CE8080597E0}.Release|x64.Build.0 = Release|Any CPU
		{070A821F-4207-47C7-9D10-4CE8080597E0}.Release|x86.ActiveCfg = Release|x86
		{070A821F-4207-47C7-9D10-4CE8080597E0}.Release|x86.Build.0 = Release|x86
		{E01F9C34-F404-48DC-92E2-991DA7ADF9EB}.Debug|Any CPU.ActiveCfg = Debug|Any CPU
		{E01F9C34-F404-48DC-92E2-991DA7ADF9EB}.Debug|Any CPU.Build.0 = Debug|Any CPU
		{E01F9C34-F404-48DC-92E2-991DA7ADF9EB}.Debug|x64.ActiveCfg = Debug|Any CPU
		{E01F9C34-F404-48DC-92E2-991DA7ADF9EB}.Debug|x64.Build.0 = Debug|Any CPU
		{E01F9C34-F404-48DC-92E2-991DA7ADF9EB}.Debug|x86.ActiveCfg = Debug|Any CPU
		{E01F9C34-F404-48DC-92E2-991DA7ADF9EB}.Debug|x86.Build.0 = Debug|Any CPU
		{E01F9C34-F404-48DC-92E2-991DA7ADF9EB}.Release|Any CPU.ActiveCfg = Release|Any CPU
		{E01F9C34-F404-48DC-92E2-991DA7ADF9EB}.Release|Any CPU.Build.0 = Release|Any CPU
		{E01F9C34-F404-48DC-92E2-991DA7ADF9EB}.Release|x64.ActiveCfg = Release|Any CPU
		{E01F9C34-F404-48DC-92E2-991DA7ADF9EB}.Release|x64.Build.0 = Release|Any CPU
		{E01F9C34-F404-48DC-92E2-991DA7ADF9EB}.Release|x86.ActiveCfg = Release|Any CPU
		{E01F9C34-F404-48DC-92E2-991DA7ADF9EB}.Release|x86.Build.0 = Release|Any CPU
		{23848103-7DC0-4AB0-958F-B8793FFD1F2D}.Debug|Any CPU.ActiveCfg = Debug|x86
		{23848103-7DC0-4AB0-958F-B8793FFD1F2D}.Debug|Any CPU.Build.0 = Debug|x86
		{23848103-7DC0-4AB0-958F-B8793FFD1F2D}.Debug|x64.ActiveCfg = Debug|x86
		{23848103-7DC0-4AB0-958F-B8793FFD1F2D}.Debug|x86.ActiveCfg = Debug|x86
		{23848103-7DC0-4AB0-958F-B8793FFD1F2D}.Debug|x86.Build.0 = Debug|x86
		{23848103-7DC0-4AB0-958F-B8793FFD1F2D}.Release|Any CPU.ActiveCfg = Release|x86
		{23848103-7DC0-4AB0-958F-B8793FFD1F2D}.Release|x64.ActiveCfg = Release|x86
		{23848103-7DC0-4AB0-958F-B8793FFD1F2D}.Release|x86.ActiveCfg = Release|x86
		{23848103-7DC0-4AB0-958F-B8793FFD1F2D}.Release|x86.Build.0 = Release|x86
		{3A385F29-42E2-4CAF-B1F2-2A1A7B90A971}.Debug|Any CPU.ActiveCfg = Debug|Any CPU
		{3A385F29-42E2-4CAF-B1F2-2A1A7B90A971}.Debug|Any CPU.Build.0 = Debug|Any CPU
		{3A385F29-42E2-4CAF-B1F2-2A1A7B90A971}.Debug|x64.ActiveCfg = Debug|Any CPU
		{3A385F29-42E2-4CAF-B1F2-2A1A7B90A971}.Debug|x64.Build.0 = Debug|Any CPU
		{3A385F29-42E2-4CAF-B1F2-2A1A7B90A971}.Debug|x86.ActiveCfg = Debug|Any CPU
		{3A385F29-42E2-4CAF-B1F2-2A1A7B90A971}.Debug|x86.Build.0 = Debug|Any CPU
		{3A385F29-42E2-4CAF-B1F2-2A1A7B90A971}.Release|Any CPU.ActiveCfg = Release|Any CPU
		{3A385F29-42E2-4CAF-B1F2-2A1A7B90A971}.Release|Any CPU.Build.0 = Release|Any CPU
		{3A385F29-42E2-4CAF-B1F2-2A1A7B90A971}.Release|x64.ActiveCfg = Release|Any CPU
		{3A385F29-42E2-4CAF-B1F2-2A1A7B90A971}.Release|x64.Build.0 = Release|Any CPU
		{3A385F29-42E2-4CAF-B1F2-2A1A7B90A971}.Release|x86.ActiveCfg = Release|Any CPU
		{3A385F29-42E2-4CAF-B1F2-2A1A7B90A971}.Release|x86.Build.0 = Release|Any CPU
	EndGlobalSection
	GlobalSection(SolutionProperties) = preSolution
		HideSolutionNode = FALSE
	EndGlobalSection
	GlobalSection(NestedProjects) = preSolution
		{E01F9C34-F404-48DC-92E2-991DA7ADF9EB} = {9DF31B67-6849-4535-B440-B565EC671047}
		{23848103-7DC0-4AB0-958F-B8793FFD1F2D} = {9DF31B67-6849-4535-B440-B565EC671047}
		{3A385F29-42E2-4CAF-B1F2-2A1A7B90A971} = {9DF31B67-6849-4535-B440-B565EC671047}
		{DA9978D2-8F71-4399-8A57-A789F082E501} = {9DF31B67-6849-4535-B440-B565EC671047}
		{862A67EE-9CEB-42FE-9406-D7FEAFC55B00} = {9DF31B67-6849-4535-B440-B565EC671047}
	EndGlobalSection
EndGlobal
